
Microsoft Visual Studio Solution File, Format Version 12.00
# Visual Studio Version 17
VisualStudioVersion = 17.0.31903.59
MinimumVisualStudioVersion = 10.0.40219.1
Project("{FAE04EC0-301F-11D3-BF4B-00C04F79EFBC}") = "API", "API\API.csproj", "{57D063FC-C2C5-4B59-A5BE-3DBC964EF60A}"
EndProject
Project("{FAE04EC0-301F-11D3-BF4B-00C04F79EFBC}") = "Core", "Core\Core.csproj", "{A097AD0D-77A9-419A-BA63-A9DEE5C389A6}"
EndProject
Project("{FAE04EC0-301F-11D3-BF4B-00C04F79EFBC}") = "Infrastructure", "Infrastructure\Infrastructure.csproj", "{95129B40-B569-445C-81F4-9B5016C82F8F}"
EndProject
Global
	GlobalSection(SolutionConfigurationPlatforms) = preSolution
		Debug|Any CPU = Debug|Any CPU
		Release|Any CPU = Release|Any CPU
	EndGlobalSection
	GlobalSection(SolutionProperties) = preSolution
		HideSolutionNode = FALSE
	EndGlobalSection
	GlobalSection(ProjectConfigurationPlatforms) = postSolution
		{57D063FC-C2C5-4B59-A5BE-3DBC964EF60A}.Debug|Any CPU.ActiveCfg = Debug|Any CPU
		{57D063FC-C2C5-4B59-A5BE-3DBC964EF60A}.Debug|Any CPU.Build.0 = Debug|Any CPU
		{57D063FC-C2C5-4B59-A5BE-3DBC964EF60A}.Release|Any CPU.ActiveCfg = Release|Any CPU
		{57D063FC-C2C5-4B59-A5BE-3DBC964EF60A}.Release|Any CPU.Build.0 = Release|Any CPU
		{A097AD0D-77A9-419A-BA63-A9DEE5C389A6}.Debug|Any CPU.ActiveCfg = Debug|Any CPU
		{A097AD0D-77A9-419A-BA63-A9DEE5C389A6}.Debug|Any CPU.Build.0 = Debug|Any CPU
		{A097AD0D-77A9-419A-BA63-A9DEE5C389A6}.Release|Any CPU.ActiveCfg = Release|Any CPU
		{A097AD0D-77A9-419A-BA63-A9DEE5C389A6}.Release|Any CPU.Build.0 = Release|Any CPU
		{95129B40-B569-445C-81F4-9B5016C82F8F}.Debug|Any CPU.ActiveCfg = Debug|Any CPU
		{95129B40-B569-445C-81F4-9B5016C82F8F}.Debug|Any CPU.Build.0 = Debug|Any CPU
		{95129B40-B569-445C-81F4-9B5016C82F8F}.Release|Any CPU.ActiveCfg = Release|Any CPU
		{95129B40-B569-445C-81F4-9B5016C82F8F}.Release|Any CPU.Build.0 = Release|Any CPU
	EndGlobalSection
EndGlobal
